github.com/eiannone/keyboard v0.0.0-20220607221834-61a4c843ac01 h1:9bNa4TBRFbsmNu0jAX47erp3b5MxlaZYydGQJ5Hj0Cg=
github.com/eiannone/keyboard v0.0.0-20220607221834-61a4c843ac01/go.mod h1:E1jcSv8FaEny+OP/5k9UxZVw9YFWGj7eI4KR/iOBqCg=
golang.org/x/sys v0.0.0-20220608164250-635b8c9b7f68 h1:z8Hj/bl9cOV2grsOpEaQFUaly0JWN3i97mo3jXKJNp0=
golang.org/x/sys v0.0.0-20220608164250-635b8c9b7f68/go.mod h1:oPkhp1MJrh7nUepCBck5+mAzfO9JrbApNNgaTdGDITg=
